
Microsoft Visual Studio Solution File, Format Version 12.00
# Visual Studio Version 17
VisualStudioVersion = 17.3.32825.248
MinimumVisualStudioVersion = 10.0.40219.1
Project("{9A19103F-16F7-4668-BE54-9A1E7A4F7556}") = "Update_DB_Daily", "Update_DB_Daily\Update_DB_Daily.csproj", "{C22BD607-C078-43EA-9404-1DE6CCD843E4}"
EndProject
Project("{FAE04EC0-301F-11D3-BF4B-00C04F79EFBC}") = "Update_DB_Daily_Test", "Update_DB_Daily_Test\Update_DB_Daily_Test.csproj", "{0966628E-3856-490E-8D0E-D3BB909FA6FF}"
EndProject
Global
	GlobalSection(SolutionConfigurationPlatforms) = preSolution
		Debug|Any CPU = Debug|Any CPU
		Release|Any CPU = Release|Any CPU
	EndGlobalSection
	GlobalSection(ProjectConfigurationPlatforms) = postSolution
		{C22BD607-C078-43EA-9404-1DE6CCD843E4}.Debug|Any CPU.ActiveCfg = Debug|Any CPU
		{C22BD607-C078-43EA-9404-1DE6CCD843E4}.Debug|Any CPU.Build.0 = Debug|Any CPU
		{C22BD607-C078-43EA-9404-1DE6CCD843E4}.Release|Any CPU.ActiveCfg = Release|Any CPU
		{C22BD607-C078-43EA-9404-1DE6CCD843E4}.Release|Any CPU.Build.0 = Release|Any CPU
		{0966628E-3856-490E-8D0E-D3BB909FA6FF}.Debug|Any CPU.ActiveCfg = Debug|Any CPU
		{0966628E-3856-490E-8D0E-D3BB909FA6FF}.Debug|Any CPU.Build.0 = Debug|Any CPU
		{0966628E-3856-490E-8D0E-D3BB909FA6FF}.Release|Any CPU.ActiveCfg = Release|Any CPU
		{0966628E-3856-490E-8D0E-D3BB909FA6FF}.Release|Any CPU.Build.0 = Release|Any CPU
	EndGlobalSection
	GlobalSection(SolutionProperties) = preSolution
		HideSolutionNode = FALSE
	EndGlobalSection
	GlobalSection(ExtensibilityGlobals) = postSolution
		SolutionGuid = {6C5C5F94-39BD-4A53-8B5C-EBEC34E245E9}
	EndGlobalSection
EndGlobal
